
Microsoft Visual Studio Solution File, Format Version 12.00
# Visual Studio 15
VisualStudioVersion = 15.0.28307.329
MinimumVisualStudioVersion = 10.0.40219.1
Project("{FAE04EC0-301F-11D3-BF4B-00C04F79EFBC}") = "TrendWay.DAL", "TrendWay.DAL\TrendWay.DAL.csproj", "{0748F98D-801F-4F27-983A-AC02E961CDBB}"
EndProject
Project("{FAE04EC0-301F-11D3-BF4B-00C04F79EFBC}") = "TrendWay.BOL", "TrendWay.BOL\TrendWay.BOL.csproj", "{1B096F2A-FDD8-44D6-A000-6F7EF81A6F8D}"
EndProject
Project("{FAE04EC0-301F-11D3-BF4B-00C04F79EFBC}") = "TrendWay.BLL", "TrendWay.BLL\TrendWay.BLL.csproj", "{D53816B0-3164-4EC9-BFD8-7FF273BCA034}"
EndProject
Project("{FAE04EC0-301F-11D3-BF4B-00C04F79EFBC}") = "TrendWay.WebUI", "TrendWay.WebUI\TrendWay.WebUI.csproj", "{38C5DA05-88E9-40E0-AF27-826E7AA5B12E}"
EndProject
Project("{FAE04EC0-301F-11D3-BF4B-00C04F79EFBC}") = "Trendway.API", "Trendway.API\Trendway.API.csproj", "{C0DA3813-647B-47D4-9FEB-192A7225C0CD}"
EndProject
Global
	GlobalSection(SolutionConfigurationPlatforms) = preSolution
		Debug|Any CPU = Debug|Any CPU
		Release|Any CPU = Release|Any CPU
	EndGlobalSection
	GlobalSection(ProjectConfigurationPlatforms) = postSolution
		{0748F98D-801F-4F27-983A-AC02E961CDBB}.Debug|Any CPU.ActiveCfg = Debug|Any CPU
		{0748F98D-801F-4F27-983A-AC02E961CDBB}.Debug|Any CPU.Build.0 = Debug|Any CPU
		{0748F98D-801F-4F27-983A-AC02E961CDBB}.Release|Any CPU.ActiveCfg = Release|Any CPU
		{0748F98D-801F-4F27-983A-AC02E961CDBB}.Release|Any CPU.Build.0 = Release|Any CPU
		{1B096F2A-FDD8-44D6-A000-6F7EF81A6F8D}.Debug|Any CPU.ActiveCfg = Debug|Any CPU
		{1B096F2A-FDD8-44D6-A000-6F7EF81A6F8D}.Debug|Any CPU.Build.0 = Debug|Any CPU
		{1B096F2A-FDD8-44D6-A000-6F7EF81A6F8D}.Release|Any CPU.ActiveCfg = Release|Any CPU
		{1B096F2A-FDD8-44D6-A000-6F7EF81A6F8D}.Release|Any CPU.Build.0 = Release|Any CPU
		{D53816B0-3164-4EC9-BFD8-7FF273BCA034}.Debug|Any CPU.ActiveCfg = Debug|Any CPU
		{D53816B0-3164-4EC9-BFD8-7FF273BCA034}.Debug|Any CPU.Build.0 = Debug|Any CPU
		{D53816B0-3164-4EC9-BFD8-7FF273BCA034}.Release|Any CPU.ActiveCfg = Release|Any CPU
		{D53816B0-3164-4EC9-BFD8-7FF273BCA034}.Release|Any CPU.Build.0 = Release|Any CPU
		{38C5DA05-88E9-40E0-AF27-826E7AA5B12E}.Debug|Any CPU.ActiveCfg = Debug|Any CPU
		{38C5DA05-88E9-40E0-AF27-826E7AA5B12E}.Debug|Any CPU.Build.0 = Debug|Any CPU
		{38C5DA05-88E9-40E0-AF27-826E7AA5B12E}.Release|Any CPU.ActiveCfg = Release|Any CPU
		{38C5DA05-88E9-40E0-AF27-826E7AA5B12E}.Release|Any CPU.Build.0 = Release|Any CPU
		{C0DA3813-647B-47D4-9FEB-192A7225C0CD}.Debug|Any CPU.ActiveCfg = Debug|Any CPU
		{C0DA3813-647B-47D4-9FEB-192A7225C0CD}.Debug|Any CPU.Build.0 = Debug|Any CPU
		{C0DA3813-647B-47D4-9FEB-192A7225C0CD}.Release|Any CPU.ActiveCfg = Release|Any CPU
		{C0DA3813-647B-47D4-9FEB-192A7225C0CD}.Release|Any CPU.Build.0 = Release|Any CPU
	EndGlobalSection
	GlobalSection(SolutionProperties) = preSolution
		HideSolutionNode = FALSE
	EndGlobalSection
	GlobalSection(ExtensibilityGlobals) = postSolution
		SolutionGuid = {B48A502F-A9AC-41A0-A0B0-FAC196946482}
	EndGlobalSection
EndGlobal
